
Microsoft Visual Studio Solution File, Format Version 12.00
# Visual Studio Version 17
VisualStudioVersion = 17.6.33723.286
MinimumVisualStudioVersion = 10.0.40219.1
Project("{FAE04EC0-301F-11D3-BF4B-00C04F79EFBC}") = "RaceSimulatorReRedux", "RaceSimulatorReRedux\RaceSimulatorReRedux.csproj", "{17FDE2B4-90F8-4492-AE71-4AEB6D27E1B1}"
EndProject
Project("{FAE04EC0-301F-11D3-BF4B-00C04F79EFBC}") = "Model", "Model\Model.csproj", "{BC1C534D-4DA7-41AB-8560-41B7BA4EC987}"
EndProject
Project("{FAE04EC0-301F-11D3-BF4B-00C04F79EFBC}") = "Controller", "Controller\Controller.csproj", "{6AC8244A-1148-4307-AF06-8C2AB25B206B}"
EndProject
Global
	GlobalSection(SolutionConfigurationPlatforms) = preSolution
		Debug|Any CPU = Debug|Any CPU
		Release|Any CPU = Release|Any CPU
	EndGlobalSection
	GlobalSection(ProjectConfigurationPlatforms) = postSolution
		{17FDE2B4-90F8-4492-AE71-4AEB6D27E1B1}.Debug|Any CPU.ActiveCfg = Debug|Any CPU
		{17FDE2B4-90F8-4492-AE71-4AEB6D27E1B1}.Debug|Any CPU.Build.0 = Debug|Any CPU
		{17FDE2B4-90F8-4492-AE71-4AEB6D27E1B1}.Release|Any CPU.ActiveCfg = Release|Any CPU
		{17FDE2B4-90F8-4492-AE71-4AEB6D27E1B1}.Release|Any CPU.Build.0 = Release|Any CPU
		{BC1C534D-4DA7-41AB-8560-41B7BA4EC987}.Debug|Any CPU.ActiveCfg = Debug|Any CPU
		{BC1C534D-4DA7-41AB-8560-41B7BA4EC987}.Debug|Any CPU.Build.0 = Debug|Any CPU
		{BC1C534D-4DA7-41AB-8560-41B7BA4EC987}.Release|Any CPU.ActiveCfg = Release|Any CPU
		{BC1C534D-4DA7-41AB-8560-41B7BA4EC987}.Release|Any CPU.Build.0 = Release|Any CPU
		{6AC8244A-1148-4307-AF06-8C2AB25B206B}.Debug|Any CPU.ActiveCfg = Debug|Any CPU
		{6AC8244A-1148-4307-AF06-8C2AB25B206B}.Debug|Any CPU.Build.0 = Debug|Any CPU
		{6AC8244A-1148-4307-AF06-8C2AB25B206B}.Release|Any CPU.ActiveCfg = Release|Any CPU
		{6AC8244A-1148-4307-AF06-8C2AB25B206B}.Release|Any CPU.Build.0 = Release|Any CPU
	EndGlobalSection
	GlobalSection(SolutionProperties) = preSolution
		HideSolutionNode = FALSE
	EndGlobalSection
	GlobalSection(ExtensibilityGlobals) = postSolution
		SolutionGuid = {A887B435-1507-4B3F-9AC0-D55A5BD0CAA0}
	EndGlobalSection
EndGlobal
